
Microsoft Visual Studio Solution File, Format Version 12.00
# Visual Studio Version 17
VisualStudioVersion = 17.5.33530.505
MinimumVisualStudioVersion = 10.0.40219.1
Project("{FAE04EC0-301F-11D3-BF4B-00C04F79EFBC}") = "Bt", "Bt.csproj", "{3876565C-C269-4F4E-B45B-E2BF3686E4C6}"
EndProject
Global
	GlobalSection(SolutionConfigurationPlatforms) = preSolution
		Debug|Any CPU = Debug|Any CPU
		Release|Any CPU = Release|Any CPU
	EndGlobalSection
	GlobalSection(ProjectConfigurationPlatforms) = postSolution
		{3876565C-C269-4F4E-B45B-E2BF3686E4C6}.Debug|Any CPU.ActiveCfg = Debug|Any CPU
		{3876565C-C269-4F4E-B45B-E2BF3686E4C6}.Debug|Any CPU.Build.0 = Debug|Any CPU
		{3876565C-C269-4F4E-B45B-E2BF3686E4C6}.Release|Any CPU.ActiveCfg = Release|Any CPU
		{3876565C-C269-4F4E-B45B-E2BF3686E4C6}.Release|Any CPU.Build.0 = Release|Any CPU
	EndGlobalSection
	GlobalSection(SolutionProperties) = preSolution
		HideSolutionNode = FALSE
	EndGlobalSection
	GlobalSection(ExtensibilityGlobals) = postSolution
		SolutionGuid = {A6788440-9810-4F6C-AB5E-07EE4047211B}
	EndGlobalSection
EndGlobal
